{
  "name": "ajs_node.js_test",
  "version": "1.0.0",
  "lockfileVersion": 1,
  "requires": true,
  "dependencies": {
    "@anastasia-krutitskaya/ajs": {
      "version": "1.0.0",
      "resolved": "https://npm.pkg.github.com/download/@anastasia-krutitskaya/ajs/1.0.0/de64920beb94ff89bd1e56774a0eac36f6575cc1956bf15682cfd2a80e0418e1",
      "integrity": "sha512-EU0Ag2wrw0BET0IhXo1Le0bkmcN7wlWoa9pcbdvvxxbYRl827sMrnHs1bScB+ZagP/gdPh+xStkouYElwseCzg=="
    }
  },
  "scripts": {
    "start": "node src/index.js"
  }
}
